[[package]]
name = "approx"
version = "0.1.1"
source = "registry+https://github.com/rust-lang/crates.io-index"

[[package]]
name = "bitflags"
version = "0.7.0"
source = "registry+https://github.com/rust-lang/crates.io-index"

[[package]]
name = "bitflags"
version = "1.0.1"
source = "registry+https://github.com/rust-lang/crates.io-index"

[[package]]
name = "cc"
version = "1.0.3"
source = "registry+https://github.com/rust-lang/crates.io-index"

[[package]]
name = "cgmath"
version = "0.15.0"
source = "registry+https://github.com/rust-lang/crates.io-index"
dependencies = [
 "approx 0.1.1 (registry+https://github.com/rust-lang/crates.io-index)",
 "num-traits 0.1.41 (registry+https://github.com/rust-lang/crates.io-index)",
 "rand 0.3.18 (registry+https://github.com/rust-lang/crates.io-index)",
]

[[package]]
name = "core-foundation"
version = "0.4.6"
source = "registry+https://github.com/rust-lang/crates.io-index"
dependencies = [
 "core-foundation-sys 0.4.6 (registry+https://github.com/rust-lang/crates.io-index)",
 "libc 0.2.34 (registry+https://github.com/rust-lang/crates.io-index)",
]

[[package]]
name = "core-foundation-sys"
version = "0.4.6"
source = "registry+https://github.com/rust-lang/crates.io-index"
dependencies = [
 "libc 0.2.34 (registry+https://github.com/rust-lang/crates.io-index)",
]

[[package]]
name = "core-graphics"
version = "0.12.4"
source = "registry+https://github.com/rust-lang/crates.io-index"
dependencies = [
 "bitflags 1.0.1 (registry+https://github.com/rust-lang/crates.io-index)",
 "core-foundation 0.4.6 (registry+https://github.com/rust-lang/crates.io-index)",
 "foreign-types 0.3.2 (registry+https://github.com/rust-lang/crates.io-index)",
 "libc 0.2.34 (registry+https://github.com/rust-lang/crates.io-index)",
]

[[package]]
name = "enigo"
version = "0.0.11"
source = "git+https://github.com/trishume/enigo#563fbb6da93398f93fd3bfc158c0df00581f9833"
dependencies = [
 "core-graphics 0.12.4 (registry+https://github.com/rust-lang/crates.io-index)",
 "libc 0.2.34 (registry+https://github.com/rust-lang/crates.io-index)",
 "objc 0.2.2 (registry+https://github.com/rust-lang/crates.io-index)",
 "pkg-config 0.3.9 (registry+https://github.com/rust-lang/crates.io-index)",
 "user32-sys 0.2.0 (registry+https://github.com/rust-lang/crates.io-index)",
 "winapi 0.2.8 (registry+https://github.com/rust-lang/crates.io-index)",
]

[[package]]
name = "foreign-types"
version = "0.3.2"
source = "registry+https://github.com/rust-lang/crates.io-index"
dependencies = [
 "foreign-types-shared 0.1.1 (registry+https://github.com/rust-lang/crates.io-index)",
]

[[package]]
name = "foreign-types-shared"
version = "0.1.1"
source = "registry+https://github.com/rust-lang/crates.io-index"

[[package]]
name = "fuchsia-zircon"
version = "0.2.1"
source = "registry+https://github.com/rust-lang/crates.io-index"
dependencies = [
 "fuchsia-zircon-sys 0.2.0 (registry+https://github.com/rust-lang/crates.io-index)",
]

[[package]]
name = "fuchsia-zircon-sys"
version = "0.2.0"
source = "registry+https://github.com/rust-lang/crates.io-index"
dependencies = [
 "bitflags 0.7.0 (registry+https://github.com/rust-lang/crates.io-index)",
]

[[package]]
name = "fusion_mouse"
version = "0.1.0"
dependencies = [
 "cgmath 0.15.0 (registry+https://github.com/rust-lang/crates.io-index)",
 "enigo 0.0.11 (git+https://github.com/trishume/enigo)",
 "linuxtrack-sys 1.0.1 (registry+https://github.com/rust-lang/crates.io-index)",
 "signpost 0.1.0 (git+https://github.com/pcwalton/signpost)",
 "tobii-sys 0.1.0 (registry+https://github.com/rust-lang/crates.io-index)",
]

[[package]]
name = "libc"
version = "0.2.34"
source = "registry+https://github.com/rust-lang/crates.io-index"

[[package]]
name = "linuxtrack-sys"
version = "1.0.1"
source = "registry+https://github.com/rust-lang/crates.io-index"
dependencies = [
 "cc 1.0.3 (registry+https://github.com/rust-lang/crates.io-index)",
]

[[package]]
name = "malloc_buf"
version = "0.0.6"
source = "registry+https://github.com/rust-lang/crates.io-index"
dependencies = [
 "libc 0.2.34 (registry+https://github.com/rust-lang/crates.io-index)",
]

[[package]]
name = "num-traits"
version = "0.1.41"
source = "registry+https://github.com/rust-lang/crates.io-index"

[[package]]
name = "objc"
version = "0.2.2"
source = "registry+https://github.com/rust-lang/crates.io-index"
dependencies = [
 "malloc_buf 0.0.6 (registry+https://github.com/rust-lang/crates.io-index)",
]

[[package]]
name = "pkg-config"
version = "0.3.9"
source = "registry+https://github.com/rust-lang/crates.io-index"

[[package]]
name = "rand"
version = "0.3.18"
source = "registry+https://github.com/rust-lang/crates.io-index"
dependencies = [
 "fuchsia-zircon 0.2.1 (registry+https://github.com/rust-lang/crates.io-index)",
 "libc 0.2.34 (registry+https://github.com/rust-lang/crates.io-index)",
]

[[package]]
name = "signpost"
version = "0.1.0"
source = "git+https://github.com/pcwalton/signpost#7ed712507f343c38646b9d1fefd049166f9c9a18"

[[package]]
name = "tobii-sys"
version = "0.1.0"
source = "registry+https://github.com/rust-lang/crates.io-index"

[[package]]
name = "user32-sys"
version = "0.2.0"
source = "registry+https://github.com/rust-lang/crates.io-index"
dependencies = [
 "winapi 0.2.8 (registry+https://github.com/rust-lang/crates.io-index)",
 "winapi-build 0.1.1 (registry+https://github.com/rust-lang/crates.io-index)",
]

[[package]]
name = "winapi"
version = "0.2.8"
source = "registry+https://github.com/rust-lang/crates.io-index"

[[package]]
name = "winapi-build"
version = "0.1.1"
source = "registry+https://github.com/rust-lang/crates.io-index"

[metadata]
"checksum approx 0.1.1 (registry+https://github.com/rust-lang/crates.io-index)" = "08abcc3b4e9339e33a3d0a5ed15d84a687350c05689d825e0f6655eef9e76a94"
"checksum bitflags 0.7.0 (registry+https://github.com/rust-lang/crates.io-index)" = "aad18937a628ec6abcd26d1489012cc0e18c21798210f491af69ded9b881106d"
"checksum bitflags 1.0.1 (registry+https://github.com/rust-lang/crates.io-index)" = "b3c30d3802dfb7281680d6285f2ccdaa8c2d8fee41f93805dba5c4cf50dc23cf"
"checksum cc 1.0.3 (registry+https://github.com/rust-lang/crates.io-index)" = "a9b13a57efd6b30ecd6598ebdb302cca617930b5470647570468a65d12ef9719"
"checksum cgmath 0.15.0 (registry+https://github.com/rust-lang/crates.io-index)" = "d2372c02a7cfabf871ec42ecc968406a7b5916bcfd51defc6a0498fcb19fa2e5"
"checksum core-foundation 0.4.6 (registry+https://github.com/rust-lang/crates.io-index)" = "8047f547cd6856d45b1cdd75ef8d2f21f3d0e4bf1dab0a0041b0ae9a5dda9c0e"
"checksum core-foundation-sys 0.4.6 (registry+https://github.com/rust-lang/crates.io-index)" = "152195421a2e6497a8179195672e9d4ee8e45ed8c465b626f1606d27a08ebcd5"
"checksum core-graphics 0.12.4 (registry+https://github.com/rust-lang/crates.io-index)" = "8de78908c558a9ba526877d165635c9eaed0818a785a93efddde1c5bfd2ce5d1"
"checksum enigo 0.0.11 (git+https://github.com/trishume/enigo)" = "<none>"
"checksum foreign-types 0.3.2 (registry+https://github.com/rust-lang/crates.io-index)" = "f6f339eb8adc052cd2ca78910fda869aefa38d22d5cb648e6485e4d3fc06f3b1"
"checksum foreign-types-shared 0.1.1 (registry+https://github.com/rust-lang/crates.io-index)" = "00b0228411908ca8685dba7fc2cdd70ec9990a6e753e89b6ac91a84c40fbaf4b"
"checksum fuchsia-zircon 0.2.1 (registry+https://github.com/rust-lang/crates.io-index)" = "f6c0581a4e363262e52b87f59ee2afe3415361c6ec35e665924eb08afe8ff159"
"checksum fuchsia-zircon-sys 0.2.0 (registry+https://github.com/rust-lang/crates.io-index)" = "43f3795b4bae048dc6123a6b972cadde2e676f9ded08aef6bb77f5f157684a82"
"checksum libc 0.2.34 (registry+https://github.com/rust-lang/crates.io-index)" = "36fbc8a8929c632868295d0178dd8f63fc423fd7537ad0738372bd010b3ac9b0"
"checksum linuxtrack-sys 1.0.1 (registry+https://github.com/rust-lang/crates.io-index)" = "af798e4b28601bd951fbb3a7e36386b5cdf435efceb70646fac402733574dc94"
"checksum malloc_buf 0.0.6 (registry+https://github.com/rust-lang/crates.io-index)" = "62bb907fe88d54d8d9ce32a3cceab4218ed2f6b7d35617cafe9adf84e43919cb"
"checksum num-traits 0.1.41 (registry+https://github.com/rust-lang/crates.io-index)" = "cacfcab5eb48250ee7d0c7896b51a2c5eec99c1feea5f32025635f5ae4b00070"
"checksum objc 0.2.2 (registry+https://github.com/rust-lang/crates.io-index)" = "877f30f37acef6749b1841cceab289707f211aecfc756553cd63976190e6cc2e"
"checksum pkg-config 0.3.9 (registry+https://github.com/rust-lang/crates.io-index)" = "3a8b4c6b8165cd1a1cd4b9b120978131389f64bdaf456435caa41e630edba903"
"checksum rand 0.3.18 (registry+https://github.com/rust-lang/crates.io-index)" = "6475140dfd8655aeb72e1fd4b7a1cc1c202be65d71669476e392fe62532b9edd"
"checksum signpost 0.1.0 (git+https://github.com/pcwalton/signpost)" = "<none>"
"checksum tobii-sys 0.1.0 (registry+https://github.com/rust-lang/crates.io-index)" = "ccb8ed6b45b23d1a7370d1f905af36c13a89918fb5ffd2ce7edee9768714791e"
"checksum user32-sys 0.2.0 (registry+https://github.com/rust-lang/crates.io-index)" = "4ef4711d107b21b410a3a974b1204d9accc8b10dad75d8324b5d755de1617d47"
"checksum winapi 0.2.8 (registry+https://github.com/rust-lang/crates.io-index)" = "167dc9d6949a9b857f3451275e911c3f44255842c1f7a76f33c55103a909087a"
"checksum winapi-build 0.1.1 (registry+https://github.com/rust-lang/crates.io-index)" = "2d315eee3b34aca4797b2da6b13ed88266e6d612562a0c46390af8299fc699bc"
